
Microsoft Visual Studio Solution File, Format Version 12.00
# Visual Studio Version 17
VisualStudioVersion = 17.9.34902.65
MinimumVisualStudioVersion = 10.0.40219.1
Project("{FAE04EC0-301F-11D3-BF4B-00C04F79EFBC}") = "MESHTestModel", "MESHTestModel\MESHTestModel.csproj", "{643520E2-2FFE-44CB-9C05-8DE85BE453B8}"
EndProject
Project("{9A19103F-16F7-4668-BE54-9A1E7A4F7556}") = "MESH.Common", "..\MESH\MESH.Common\MESH.Common.csproj", "{2680A947-CF00-472C-BDB3-5C366B9B2A17}"
EndProject
Global
	GlobalSection(SolutionConfigurationPlatforms) = preSolution
		Debug|Any CPU = Debug|Any CPU
		Release|Any CPU = Release|Any CPU
	EndGlobalSection
	GlobalSection(ProjectConfigurationPlatforms) = postSolution
		{643520E2-2FFE-44CB-9C05-8DE85BE453B8}.Debug|Any CPU.ActiveCfg = Debug|Any CPU
		{643520E2-2FFE-44CB-9C05-8DE85BE453B8}.Debug|Any CPU.Build.0 = Debug|Any CPU
		{643520E2-2FFE-44CB-9C05-8DE85BE453B8}.Release|Any CPU.ActiveCfg = Release|Any CPU
		{643520E2-2FFE-44CB-9C05-8DE85BE453B8}.Release|Any CPU.Build.0 = Release|Any CPU
		{2680A947-CF00-472C-BDB3-5C366B9B2A17}.Debug|Any CPU.ActiveCfg = Debug|Any CPU
		{2680A947-CF00-472C-BDB3-5C366B9B2A17}.Debug|Any CPU.Build.0 = Debug|Any CPU
		{2680A947-CF00-472C-BDB3-5C366B9B2A17}.Release|Any CPU.ActiveCfg = Release|Any CPU
		{2680A947-CF00-472C-BDB3-5C366B9B2A17}.Release|Any CPU.Build.0 = Release|Any CPU
	EndGlobalSection
	GlobalSection(SolutionProperties) = preSolution
		HideSolutionNode = FALSE
	EndGlobalSection
	GlobalSection(ExtensibilityGlobals) = postSolution
		SolutionGuid = {728CAE4D-2782-41B3-B83F-FED5FB1C7CF3}
	EndGlobalSection
EndGlobal
